// !$*UTF8*$!
{
	archiveVersion = 1;
	classes = {
	};
	objectVersion = 48;
	objects = {

/* Begin PBXBuildFile section */
		5044819D219EA65A00E1617A /* ImageViewFromMD.swift in Sources */ = {isa = PBXBuildFile; fileRef = 5044819C219EA65A00E1617A /* ImageViewFromMD.swift */; };
		5044819F219EA72600E1617A /* patreon.png in Resources */ = {isa = PBXBuildFile; fileRef = 5044819E219EA72600E1617A /* patreon.png */; };
		50627552219DE3600098E3F4 /* FolderSelectionPermission.swift in Sources */ = {isa = PBXBuildFile; fileRef = 50627551219DE3600098E3F4 /* FolderSelectionPermission.swift */; };
		507964A7218AABE700EFA7A2 /* AppDelegate.swift in Sources */ = {isa = PBXBuildFile; fileRef = 507964A6218AABE700EFA7A2 /* AppDelegate.swift */; };
		507964A9218AABE700EFA7A2 /* SplitViewController.swift in Sources */ = {isa = PBXBuildFile; fileRef = 507964A8218AABE700EFA7A2 /* SplitViewController.swift */; };
		507964AB218AABE700EFA7A2 /* Document.swift in Sources */ = {isa = PBXBuildFile; fileRef = 507964AA218AABE700EFA7A2 /* Document.swift */; };
		507964AD218AABE700EFA7A2 /* Assets.xcassets in Resources */ = {isa = PBXBuildFile; fileRef = 507964AC218AABE700EFA7A2 /* Assets.xcassets */; };
		507964B0218AABE700EFA7A2 /* Main.storyboard in Resources */ = {isa = PBXBuildFile; fileRef = 507964AE218AABE700EFA7A2 /* Main.storyboard */; };
		507964B9218AD4E500EFA7A2 /* ThumbViewController.swift in Sources */ = {isa = PBXBuildFile; fileRef = 507964B8218AD4E500EFA7A2 /* ThumbViewController.swift */; };
		507964BB218AD51900EFA7A2 /* DetailViewController.swift in Sources */ = {isa = PBXBuildFile; fileRef = 507964BA218AD51900EFA7A2 /* DetailViewController.swift */; };
		507964BE218AD63E00EFA7A2 /* SlideThumb.swift in Sources */ = {isa = PBXBuildFile; fileRef = 507964BC218AD63E00EFA7A2 /* SlideThumb.swift */; };
		507964BF218AD63E00EFA7A2 /* SlideThumb.xib in Resources */ = {isa = PBXBuildFile; fileRef = 507964BD218AD63E00EFA7A2 /* SlideThumb.xib */; };
		5095A8D121E099E000CA232F /* WindowController.swift in Sources */ = {isa = PBXBuildFile; fileRef = 5095A8D021E099E000CA232F /* WindowController.swift */; };
		509D057F218D09A500A4DE60 /* Slide.swift in Sources */ = {isa = PBXBuildFile; fileRef = 509D057E218D09A500A4DE60 /* Slide.swift */; };
		509D0581218D105C00A4DE60 /* MarkdownToSlideParser.swift in Sources */ = {isa = PBXBuildFile; fileRef = 509D0580218D105C00A4DE60 /* MarkdownToSlideParser.swift */; };
/* End PBXBuildFile section */

/* Begin PBXFileReference section */
		5044819C219EA65A00E1617A /* ImageViewFromMD.swift */ = {isa = PBXFileReference; lastKnownFileType = sourcecode.swift; path = ImageViewFromMD.swift; sourceTree = "<group>"; };
		5044819E219EA72600E1617A /* patreon.png */ = {isa = PBXFileReference; lastKnownFileType = image.png; path = patreon.png; sourceTree = "<group>"; };
		50627551219DE3600098E3F4 /* FolderSelectionPermission.swift */ = {isa = PBXFileReference; lastKnownFileType = sourcecode.swift; path = FolderSelectionPermission.swift; sourceTree = "<group>"; };
		507964A3218AABE700EFA7A2 /* downSlide.app */ = {isa = PBXFileReference; explicitFileType = wrapper.application; includeInIndex = 0; path = downSlide.app; sourceTree = BUILT_PRODUCTS_DIR; };
		507964A6218AABE700EFA7A2 /* AppDelegate.swift */ = {isa = PBXFileReference; lastKnownFileType = sourcecode.swift; path = AppDelegate.swift; sourceTree = "<group>"; };
		507964A8218AABE700EFA7A2 /* SplitViewController.swift */ = {isa = PBXFileReference; lastKnownFileType = sourcecode.swift; path = SplitViewController.swift; sourceTree = "<group>"; };
		507964AA218AABE700EFA7A2 /* Document.swift */ = {isa = PBXFileReference; lastKnownFileType = sourcecode.swift; path = Document.swift; sourceTree = "<group>"; };
		507964AC218AABE700EFA7A2 /* Assets.xcassets */ = {isa = PBXFileReference; lastKnownFileType = folder.assetcatalog; path = Assets.xcassets; sourceTree = "<group>"; };
		507964AF218AABE700EFA7A2 /* Base */ = {isa = PBXFileReference; lastKnownFileType = file.storyboard; name = Base; path = Base.lproj/Main.storyboard; sourceTree = "<group>"; };
		507964B1218AABE700EFA7A2 /* Info.plist */ = {isa = PBXFileReference; lastKnownFileType = text.plist.xml; path = Info.plist; sourceTree = "<group>"; };
		507964B2218AABE700EFA7A2 /* downSlide.entitlements */ = {isa = PBXFileReference; lastKnownFileType = text.plist.entitlements; path = downSlide.entitlements; sourceTree = "<group>"; };
		507964B8218AD4E500EFA7A2 /* ThumbViewController.swift */ = {isa = PBXFileReference; lastKnownFileType = sourcecode.swift; path = ThumbViewController.swift; sourceTree = "<group>"; };
		507964BA218AD51900EFA7A2 /* DetailViewController.swift */ = {isa = PBXFileReference; lastKnownFileType = sourcecode.swift; path = DetailViewController.swift; sourceTree = "<group>"; };
		507964BC218AD63E00EFA7A2 /* SlideThumb.swift */ = {isa = PBXFileReference; lastKnownFileType = sourcecode.swift; path = SlideThumb.swift; sourceTree = "<group>"; };
		507964BD218AD63E00EFA7A2 /* SlideThumb.xib */ = {isa = PBXFileReference; lastKnownFileType = file.xib; path = SlideThumb.xib; sourceTree = "<group>"; };
		5095A8D021E099E000CA232F /* WindowController.swift */ = {isa = PBXFileReference; lastKnownFileType = sourcecode.swift; path = WindowController.swift; sourceTree = "<group>"; };
		509D057E218D09A500A4DE60 /* Slide.swift */ = {isa = PBXFileReference; lastKnownFileType = sourcecode.swift; path = Slide.swift; sourceTree = "<group>"; };
		509D0580218D105C00A4DE60 /* MarkdownToSlideParser.swift */ = {isa = PBXFileReference; lastKnownFileType = sourcecode.swift; path = MarkdownToSlideParser.swift; sourceTree = "<group>"; };
/* End PBXFileReference section */

/* Begin PBXFrameworksBuildPhase section */
		507964A0218AABE700EFA7A2 /* Frameworks */ = {
			isa = PBXFrameworksBuildPhase;
			buildActionMask = 2147483647;
			files = (
			);
			runOnlyForDeploymentPostprocessing = 0;
		};
/* End PBXFrameworksBuildPhase section */

/* Begin PBXGroup section */
		5079649A218AABE700EFA7A2 = {
			isa = PBXGroup;
			children = (
				507964A5218AABE700EFA7A2 /* downSlide */,
				507964A4218AABE700EFA7A2 /* Products */,
			);
			sourceTree = "<group>";
		};
		507964A4218AABE700EFA7A2 /* Products */ = {
			isa = PBXGroup;
			children = (
				507964A3218AABE700EFA7A2 /* downSlide.app */,
			);
			name = Products;
			sourceTree = "<group>";
		};
		507964A5218AABE700EFA7A2 /* downSlide */ = {
			isa = PBXGroup;
			children = (
				507964A6218AABE700EFA7A2 /* AppDelegate.swift */,
				507964A8218AABE700EFA7A2 /* SplitViewController.swift */,
				5095A8D021E099E000CA232F /* WindowController.swift */,
				507964AA218AABE700EFA7A2 /* Document.swift */,
				507964B8218AD4E500EFA7A2 /* ThumbViewController.swift */,
				507964BA218AD51900EFA7A2 /* DetailViewController.swift */,
				507964AC218AABE700EFA7A2 /* Assets.xcassets */,
				507964AE218AABE700EFA7A2 /* Main.storyboard */,
				507964BC218AD63E00EFA7A2 /* SlideThumb.swift */,
				507964BD218AD63E00EFA7A2 /* SlideThumb.xib */,
				509D057E218D09A500A4DE60 /* Slide.swift */,
				509D0580218D105C00A4DE60 /* MarkdownToSlideParser.swift */,
				5044819C219EA65A00E1617A /* ImageViewFromMD.swift */,
				5044819E219EA72600E1617A /* patreon.png */,
				50627551219DE3600098E3F4 /* FolderSelectionPermission.swift */,
				507964B1218AABE700EFA7A2 /* Info.plist */,
				507964B2218AABE700EFA7A2 /* downSlide.entitlements */,
			);
			path = downSlide;
			sourceTree = "<group>";
		};
/* End PBXGroup section */

/* Begin PBXNativeTarget section */
		507964A2218AABE700EFA7A2 /* downSlide */ = {
			isa = PBXNativeTarget;
			buildConfigurationList = 507964B5218AABE700EFA7A2 /* Build configuration list for PBXNativeTarget "downSlide" */;
			buildPhases = (
				5079649F218AABE700EFA7A2 /* Sources */,
				507964A0218AABE700EFA7A2 /* Frameworks */,
				507964A1218AABE700EFA7A2 /* Resources */,
			);
			buildRules = (
			);
			dependencies = (
			);
			name = downSlide;
			productName = downSlide;
			productReference = 507964A3218AABE700EFA7A2 /* downSlide.app */;
			productType = "com.apple.product-type.application";
		};
/* End PBXNativeTarget section */

/* Begin PBXProject section */
		5079649B218AABE700EFA7A2 /* Project object */ = {
			isa = PBXProject;
			attributes = {
				LastSwiftUpdateCheck = 0920;
				LastUpgradeCheck = 0920;
				ORGANIZATIONNAME = "Charles, Jamis";
				TargetAttributes = {
					507964A2218AABE700EFA7A2 = {
						CreatedOnToolsVersion = 9.2;
						ProvisioningStyle = Automatic;
					};
				};
			};
			buildConfigurationList = 5079649E218AABE700EFA7A2 /* Build configuration list for PBXProject "downSlide" */;
			compatibilityVersion = "Xcode 8.0";
			developmentRegion = en;
			hasScannedForEncodings = 0;
			knownRegions = (
				en,
				Base,
			);
			mainGroup = 5079649A218AABE700EFA7A2;
			productRefGroup = 507964A4218AABE700EFA7A2 /* Products */;
			projectDirPath = "";
			projectRoot = "";
			targets = (
				507964A2218AABE700EFA7A2 /* downSlide */,
			);
		};
/* End PBXProject section */

/* Begin PBXResourcesBuildPhase section */
		507964A1218AABE700EFA7A2 /* Resources */ = {
			isa = PBXResourcesBuildPhase;
			buildActionMask = 2147483647;
			files = (
				507964AD218AABE700EFA7A2 /* Assets.xcassets in Resources */,
				507964B0218AABE700EFA7A2 /* Main.storyboard in Resources */,
				507964BF218AD63E00EFA7A2 /* SlideThumb.xib in Resources */,
				5044819F219EA72600E1617A /* patreon.png in Resources */,
			);
			runOnlyForDeploymentPostprocessing = 0;
		};
/* End PBXResourcesBuildPhase section */

/* Begin PBXSourcesBuildPhase section */
		5079649F218AABE700EFA7A2 /* Sources */ = {
			isa = PBXSourcesBuildPhase;
			buildActionMask = 2147483647;
			files = (
				50627552219DE3600098E3F4 /* FolderSelectionPermission.swift in Sources */,
				507964A9218AABE700EFA7A2 /* SplitViewController.swift in Sources */,
				507964A7218AABE700EFA7A2 /* AppDelegate.swift in Sources */,
				509D0581218D105C00A4DE60 /* MarkdownToSlideParser.swift in Sources */,
				507964BB218AD51900EFA7A2 /* DetailViewController.swift in Sources */,
				507964BE218AD63E00EFA7A2 /* SlideThumb.swift in Sources */,
				509D057F218D09A500A4DE60 /* Slide.swift in Sources */,
				5095A8D121E099E000CA232F /* WindowController.swift in Sources */,
				507964AB218AABE700EFA7A2 /* Document.swift in Sources */,
				507964B9218AD4E500EFA7A2 /* ThumbViewController.swift in Sources */,
				5044819D219EA65A00E1617A /* ImageViewFromMD.swift in Sources */,
			);
			runOnlyForDeploymentPostprocessing = 0;
		};
/* End PBXSourcesBuildPhase section */

/* Begin PBXVariantGroup section */
		507964AE218AABE700EFA7A2 /* Main.storyboard */ = {
			isa = PBXVariantGroup;
			children = (
				507964AF218AABE700EFA7A2 /* Base */,
			);
			name = Main.storyboard;
			sourceTree = "<group>";
		};
/* End PBXVariantGroup section */

/* Begin XCBuildConfiguration section */
		507964B3218AABE700EFA7A2 /* Debug */ = {
			isa = XCBuildConfiguration;
			buildSettings = {
				ALWAYS_SEARCH_USER_PATHS = NO;
				CLANG_ANALYZER_NONNULL = YES;
				CLANG_ANALYZER_NUMBER_OBJECT_CONVERSION = YES_AGGRESSIVE;
				CLANG_CXX_LANGUAGE_STANDARD = "gnu++14";
				CLANG_CXX_LIBRARY = "libc++";
				CLANG_ENABLE_MODULES = YES;
				CLANG_ENABLE_OBJC_ARC = YES;
				CLANG_WARN_BLOCK_CAPTURE_AUTORELEASING = YES;
				CLANG_WARN_BOOL_CONVERSION = YES;
				CLANG_WARN_COMMA = YES;
				CLANG_WARN_CONSTANT_CONVERSION = YES;
				CLANG_WARN_DIRECT_OBJC_ISA_USAGE = YES_ERROR;
				CLANG_WARN_DOCUMENTATION_COMMENTS = YES;
				CLANG_WARN_EMPTY_BODY = YES;
				CLANG_WARN_ENUM_CONVERSION = YES;
				CLANG_WARN_INFINITE_RECURSION = YES;
				CLANG_WARN_INT_CONVERSION = YES;
				CLANG_WARN_NON_LITERAL_NULL_CONVERSION = YES;
				CLANG_WARN_OBJC_LITERAL_CONVERSION = YES;
				CLANG_WARN_OBJC_ROOT_CLASS = YES_ERROR;
				CLANG_WARN_RANGE_LOOP_ANALYSIS = YES;
				CLANG_WARN_STRICT_PROTOTYPES = YES;
				CLANG_WARN_SUSPICIOUS_MOVE = YES;
				CLANG_WARN_UNGUARDED_AVAILABILITY = YES_AGGRESSIVE;
				CLANG_WARN_UNREACHABLE_CODE = YES;
				CLANG_WARN__DUPLICATE_METHOD_MATCH = YES;
				CODE_SIGN_IDENTITY = "-";
				COPY_PHASE_STRIP = NO;
				DEBUG_INFORMATION_FORMAT = dwarf;
				ENABLE_STRICT_OBJC_MSGSEND = YES;
				ENABLE_TESTABILITY = YES;
				GCC_C_LANGUAGE_STANDARD = gnu11;
				GCC_DYNAMIC_NO_PIC = NO;
				GCC_NO_COMMON_BLOCKS = YES;
				GCC_OPTIMIZATION_LEVEL = 0;
				GCC_PREPROCESSOR_DEFINITIONS = (
					"DEBUG=1",
					"$(inherited)",
				);
				GCC_WARN_64_TO_32_BIT_CONVERSION = YES;
				GCC_WARN_ABOUT_RETURN_TYPE = YES_ERROR;
				GCC_WARN_UNDECLARED_SELECTOR = YES;
				GCC_WARN_UNINITIALIZED_AUTOS = YES_AGGRESSIVE;
				GCC_WARN_UNUSED_FUNCTION = YES;
				GCC_WARN_UNUSED_VARIABLE = YES;
				MACOSX_DEPLOYMENT_TARGET = 10.12;
				MTL_ENABLE_DEBUG_INFO = YES;
				ONLY_ACTIVE_ARCH = YES;
				SDKROOT = macosx;
				SWIFT_ACTIVE_COMPILATION_CONDITIONS = DEBUG;
				SWIFT_OPTIMIZATION_LEVEL = "-Onone";
			};
			name = Debug;
		};
		507964B4218AABE700EFA7A2 /* Release */ = {
			isa = XCBuildConfiguration;
			buildSettings = {
				ALWAYS_SEARCH_USER_PATHS = NO;
				CLANG_ANALYZER_NONNULL = YES;
				CLANG_ANALYZER_NUMBER_OBJECT_CONVERSION = YES_AGGRESSIVE;
				CLANG_CXX_LANGUAGE_STANDARD = "gnu++14";
				CLANG_CXX_LIBRARY = "libc++";
				CLANG_ENABLE_MODULES = YES;
				CLANG_ENABLE_OBJC_ARC = YES;
				CLANG_WARN_BLOCK_CAPTURE_AUTORELEASING = YES;
				CLANG_WARN_BOOL_CONVERSION = YES;
				CLANG_WARN_COMMA = YES;
				CLANG_WARN_CONSTANT_CONVERSION = YES;
				CLANG_WARN_DIRECT_OBJC_ISA_USAGE = YES_ERROR;
				CLANG_WARN_DOCUMENTATION_COMMENTS = YES;
				CLANG_WARN_EMPTY_BODY = YES;
				CLANG_WARN_ENUM_CONVERSION = YES;
				CLANG_WARN_INFINITE_RECURSION = YES;
				CLANG_WARN_INT_CONVERSION = YES;
				CLANG_WARN_NON_LITERAL_NULL_CONVERSION = YES;
				CLANG_WARN_OBJC_LITERAL_CONVERSION = YES;
				CLANG_WARN_OBJC_ROOT_CLASS = YES_ERROR;
				CLANG_WARN_RANGE_LOOP_ANALYSIS = YES;
				CLANG_WARN_STRICT_PROTOTYPES = YES;
				CLANG_WARN_SUSPICIOUS_MOVE = YES;
				CLANG_WARN_UNGUARDED_AVAILABILITY = YES_AGGRESSIVE;
				CLANG_WARN_UNREACHABLE_CODE = YES;
				CLANG_WARN__DUPLICATE_METHOD_MATCH = YES;
				CODE_SIGN_IDENTITY = "-";
				COPY_PHASE_STRIP = NO;
				DEBUG_INFORMATION_FORMAT = "dwarf-with-dsym";
				ENABLE_NS_ASSERTIONS = NO;
				ENABLE_STRICT_OBJC_MSGSEND = YES;
				GCC_C_LANGUAGE_STANDARD = gnu11;
				GCC_NO_COMMON_BLOCKS = YES;
				GCC_WARN_64_TO_32_BIT_CONVERSION = YES;
				GCC_WARN_ABOUT_RETURN_TYPE = YES_ERROR;
				GCC_WARN_UNDECLARED_SELECTOR = YES;
				GCC_WARN_UNINITIALIZED_AUTOS = YES_AGGRESSIVE;
				GCC_WARN_UNUSED_FUNCTION = YES;
				GCC_WARN_UNUSED_VARIABLE = YES;
				MACOSX_DEPLOYMENT_TARGET = 10.12;
				MTL_ENABLE_DEBUG_INFO = NO;
				SDKROOT = macosx;
				SWIFT_OPTIMIZATION_LEVEL = "-Owholemodule";
			};
			name = Release;
		};
		507964B6218AABE700EFA7A2 /* Debug */ = {
			isa = XCBuildConfiguration;
			buildSettings = {
				ASSETCATALOG_COMPILER_APPICON_NAME = AppIcon;
				CODE_SIGN_ENTITLEMENTS = downSlide/downSlide.entitlements;
				CODE_SIGN_STYLE = Automatic;
				COMBINE_HIDPI_IMAGES = YES;
				INFOPLIST_FILE = downSlide/Info.plist;
				LD_RUNPATH_SEARCH_PATHS = "$(inherited) @executable_path/../Frameworks";
				PRODUCT_BUNDLE_IDENTIFIER = com.jamis.downSlide;
				PRODUCT_NAME = "$(TARGET_NAME)";
				SWIFT_VERSION = 4.0;
			};
			name = Debug;
		};
		507964B7218AABE700EFA7A2 /* Release */ = {
			isa = XCBuildConfiguration;
			buildSettings = {
				ASSETCATALOG_COMPILER_APPICON_NAME = AppIcon;
				CODE_SIGN_ENTITLEMENTS = downSlide/downSlide.entitlements;
				CODE_SIGN_STYLE = Automatic;
				COMBINE_HIDPI_IMAGES = YES;
				INFOPLIST_FILE = downSlide/Info.plist;
				LD_RUNPATH_SEARCH_PATHS = "$(inherited) @executable_path/../Frameworks";
				PRODUCT_BUNDLE_IDENTIFIER = com.jamis.downSlide;
				PRODUCT_NAME = "$(TARGET_NAME)";
				SWIFT_VERSION = 4.0;
			};
			name = Release;
		};
/* End XCBuildConfiguration section */

/* Begin XCConfigurationList section */
		5079649E218AABE700EFA7A2 /* Build configuration list for PBXProject "downSlide" */ = {
			isa = XCConfigurationList;
			buildConfigurations = (
				507964B3218AABE700EFA7A2 /* Debug */,
				507964B4218AABE700EFA7A2 /* Release */,
			);
			defaultConfigurationIsVisible = 0;
			defaultConfigurationName = Release;
		};
		507964B5218AABE700EFA7A2 /* Build configuration list for PBXNativeTarget "downSlide" */ = {
			isa = XCConfigurationList;
			buildConfigurations = (
				507964B6218AABE700EFA7A2 /* Debug */,
				507964B7218AABE700EFA7A2 /* Release */,
			);
			defaultConfigurationIsVisible = 0;
			defaultConfigurationName = Release;
		};
/* End XCConfigurationList section */
	};
	rootObject = 5079649B218AABE700EFA7A2 /* Project object */;
}
